
Microsoft Visual Studio Solution File, Format Version 12.00
# Visual Studio Version 17
VisualStudioVersion = 17.13.35931.197 d17.13
MinimumVisualStudioVersion = 10.0.40219.1
Project("{F184B08F-C81C-45F6-A57F-5ABD9991F28F}") = "CountyImmunisationSystem", "CountyImmunisationSystem\CountyImmunisationSystem.vbproj", "{A7DA0670-FE58-429F-892C-4BB796154F8A}"
EndProject
Global
	GlobalSection(SolutionConfigurationPlatforms) = preSolution
		Debug|Any CPU = Debug|Any CPU
		Release|Any CPU = Release|Any CPU
	EndGlobalSection
	GlobalSection(ProjectConfigurationPlatforms) = postSolution
		{A7DA0670-FE58-429F-892C-4BB796154F8A}.Debug|Any CPU.ActiveCfg = Debug|Any CPU
		{A7DA0670-FE58-429F-892C-4BB796154F8A}.Debug|Any CPU.Build.0 = Debug|Any CPU
		{A7DA0670-FE58-429F-892C-4BB796154F8A}.Release|Any CPU.ActiveCfg = Release|Any CPU
		{A7DA0670-FE58-429F-892C-4BB796154F8A}.Release|Any CPU.Build.0 = Release|Any CPU
	EndGlobalSection
	GlobalSection(SolutionProperties) = preSolution
		HideSolutionNode = FALSE
	EndGlobalSection
	GlobalSection(ExtensibilityGlobals) = postSolution
		SolutionGuid = {B88D889B-9D5B-4506-8112-C2C9942A48B5}
	EndGlobalSection
EndGlobal
